// !$*UTF8*$!
{
	archiveVersion = 1;
	classes = {
	};
	objectVersion = 48;
	objects = {

/* Begin PBXBuildFile section */
		B006FA171F99F14F00509C46 /* MessageLabel.framework in Frameworks */ = {isa = PBXBuildFile; fileRef = B006FA0D1F99F14E00509C46 /* MessageLabel.framework */; };
		B006FA1C1F99F14F00509C46 /* MessageLabelTests.swift in Sources */ = {isa = PBXBuildFile; fileRef = B006FA1B1F99F14F00509C46 /* MessageLabelTests.swift */; };
		B006FA1E1F99F14F00509C46 /* MessageLabel.h in Headers */ = {isa = PBXBuildFile; fileRef = B006FA101F99F14E00509C46 /* MessageLabel.h */; settings = {ATTRIBUTES = (Public, ); }; };
/* End PBXBuildFile section */

/* Begin PBXContainerItemProxy section */
		B006FA181F99F14F00509C46 /* PBXContainerItemProxy */ = {
			isa = PBXContainerItemProxy;
			containerPortal = B006FA041F99F14E00509C46 /* Project object */;
			proxyType = 1;
			remoteGlobalIDString = B006FA0C1F99F14E00509C46;
			remoteInfo = MessageLabel;
		};
/* End PBXContainerItemProxy section */

/* Begin PBXFileReference section */
		B006FA0D1F99F14E00509C46 /* MessageLabel.framework */ = {isa = PBXFileReference; explicitFileType = wrapper.framework; includeInIndex = 0; path = MessageLabel.framework; sourceTree = BUILT_PRODUCTS_DIR; };
		B006FA101F99F14E00509C46 /* MessageLabel.h */ = {isa = PBXFileReference; lastKnownFileType = sourcecode.c.h; path = MessageLabel.h; sourceTree = "<group>"; };
		B006FA111F99F14E00509C46 /* Info.plist */ = {isa = PBXFileReference; lastKnownFileType = text.plist.xml; path = Info.plist; sourceTree = "<group>"; };
		B006FA161F99F14F00509C46 /* MessageLabelTests.xctest */ = {isa = PBXFileReference; explicitFileType = wrapper.cfbundle; includeInIndex = 0; path = MessageLabelTests.xctest; sourceTree = BUILT_PRODUCTS_DIR; };
		B006FA1B1F99F14F00509C46 /* MessageLabelTests.swift */ = {isa = PBXFileReference; lastKnownFileType = sourcecode.swift; path = MessageLabelTests.swift; sourceTree = "<group>"; };
		B006FA1D1F99F14F00509C46 /* Info.plist */ = {isa = PBXFileReference; lastKnownFileType = text.plist.xml; path = Info.plist; sourceTree = "<group>"; };
/* End PBXFileReference section */

/* Begin PBXFrameworksBuildPhase section */
		B006FA091F99F14E00509C46 /* Frameworks */ = {
			isa = PBXFrameworksBuildPhase;
			buildActionMask = 2147483647;
			files = (
			);
			runOnlyForDeploymentPostprocessing = 0;
		};
		B006FA131F99F14F00509C46 /* Frameworks */ = {
			isa = PBXFrameworksBuildPhase;
			buildActionMask = 2147483647;
			files = (
				B006FA171F99F14F00509C46 /* MessageLabel.framework in Frameworks */,
			);
			runOnlyForDeploymentPostprocessing = 0;
		};
/* End PBXFrameworksBuildPhase section */

/* Begin PBXGroup section */
		B006FA031F99F14E00509C46 = {
			isa = PBXGroup;
			children = (
				B006FA0F1F99F14E00509C46 /* MessageLabel */,
				B006FA1A1F99F14F00509C46 /* MessageLabelTests */,
				B006FA0E1F99F14E00509C46 /* Products */,
			);
			sourceTree = "<group>";
		};
		B006FA0E1F99F14E00509C46 /* Products */ = {
			isa = PBXGroup;
			children = (
				B006FA0D1F99F14E00509C46 /* MessageLabel.framework */,
				B006FA161F99F14F00509C46 /* MessageLabelTests.xctest */,
			);
			name = Products;
			sourceTree = "<group>";
		};
		B006FA0F1F99F14E00509C46 /* MessageLabel */ = {
			isa = PBXGroup;
			children = (
				B006FA101F99F14E00509C46 /* MessageLabel.h */,
				B006FA111F99F14E00509C46 /* Info.plist */,
			);
			path = MessageLabel;
			sourceTree = "<group>";
		};
		B006FA1A1F99F14F00509C46 /* MessageLabelTests */ = {
			isa = PBXGroup;
			children = (
				B006FA1B1F99F14F00509C46 /* MessageLabelTests.swift */,
				B006FA1D1F99F14F00509C46 /* Info.plist */,
			);
			path = MessageLabelTests;
			sourceTree = "<group>";
		};
/* End PBXGroup section */

/* Begin PBXHeadersBuildPhase section */
		B006FA0A1F99F14E00509C46 /* Headers */ = {
			isa = PBXHeadersBuildPhase;
			buildActionMask = 2147483647;
			files = (
				B006FA1E1F99F14F00509C46 /* MessageLabel.h in Headers */,
			);
			runOnlyForDeploymentPostprocessing = 0;
		};
/* End PBXHeadersBuildPhase section */

/* Begin PBXNativeTarget section */
		B006FA0C1F99F14E00509C46 /* MessageLabel */ = {
			isa = PBXNativeTarget;
			buildConfigurationList = B006FA211F99F14F00509C46 /* Build configuration list for PBXNativeTarget "MessageLabel" */;
			buildPhases = (
				B006FA081F99F14E00509C46 /* Sources */,
				B006FA091F99F14E00509C46 /* Frameworks */,
				B006FA0A1F99F14E00509C46 /* Headers */,
				B006FA0B1F99F14E00509C46 /* Resources */,
			);
			buildRules = (
			);
			dependencies = (
			);
			name = MessageLabel;
			productName = MessageLabel;
			productReference = B006FA0D1F99F14E00509C46 /* MessageLabel.framework */;
			productType = "com.apple.product-type.framework";
		};
		B006FA151F99F14F00509C46 /* MessageLabelTests */ = {
			isa = PBXNativeTarget;
			buildConfigurationList = B006FA241F99F14F00509C46 /* Build configuration list for PBXNativeTarget "MessageLabelTests" */;
			buildPhases = (
				B006FA121F99F14F00509C46 /* Sources */,
				B006FA131F99F14F00509C46 /* Frameworks */,
				B006FA141F99F14F00509C46 /* Resources */,
			);
			buildRules = (
			);
			dependencies = (
				B006FA191F99F14F00509C46 /* PBXTargetDependency */,
			);
			name = MessageLabelTests;
			productName = MessageLabelTests;
			productReference = B006FA161F99F14F00509C46 /* MessageLabelTests.xctest */;
			productType = "com.apple.product-type.bundle.unit-test";
		};
/* End PBXNativeTarget section */

/* Begin PBXProject section */
		B006FA041F99F14E00509C46 /* Project object */ = {
			isa = PBXProject;
			attributes = {
				LastSwiftUpdateCheck = 0900;
				LastUpgradeCheck = 0900;
				ORGANIZATIONNAME = MessageKit;
				TargetAttributes = {
					B006FA0C1F99F14E00509C46 = {
						CreatedOnToolsVersion = 9.0;
						ProvisioningStyle = Automatic;
					};
					B006FA151F99F14F00509C46 = {
						CreatedOnToolsVersion = 9.0;
						ProvisioningStyle = Automatic;
					};
				};
			};
			buildConfigurationList = B006FA071F99F14E00509C46 /* Build configuration list for PBXProject "MessageLabel" */;
			compatibilityVersion = "Xcode 8.0";
			developmentRegion = en;
			hasScannedForEncodings = 0;
			knownRegions = (
				en,
			);
			mainGroup = B006FA031F99F14E00509C46;
			productRefGroup = B006FA0E1F99F14E00509C46 /* Products */;
			projectDirPath = "";
			projectRoot = "";
			targets = (
				B006FA0C1F99F14E00509C46 /* MessageLabel */,
				B006FA151F99F14F00509C46 /* MessageLabelTests */,
			);
		};
/* End PBXProject section */

/* Begin PBXResourcesBuildPhase section */
		B006FA0B1F99F14E00509C46 /* Resources */ = {
			isa = PBXResourcesBuildPhase;
			buildActionMask = 2147483647;
			files = (
			);
			runOnlyForDeploymentPostprocessing = 0;
		};
		B006FA141F99F14F00509C46 /* Resources */ = {
			isa = PBXResourcesBuildPhase;
			buildActionMask = 2147483647;
			files = (
			);
			runOnlyForDeploymentPostprocessing = 0;
		};
/* End PBXResourcesBuildPhase section */

/* Begin PBXSourcesBuildPhase section */
		B006FA081F99F14E00509C46 /* Sources */ = {
			isa = PBXSourcesBuildPhase;
			buildActionMask = 2147483647;
			files = (
			);
			runOnlyForDeploymentPostprocessing = 0;
		};
		B006FA121F99F14F00509C46 /* Sources */ = {
			isa = PBXSourcesBuildPhase;
			buildActionMask = 2147483647;
			files = (
				B006FA1C1F99F14F00509C46 /* MessageLabelTests.swift in Sources */,
			);
			runOnlyForDeploymentPostprocessing = 0;
		};
/* End PBXSourcesBuildPhase section */

/* Begin PBXTargetDependency section */
		B006FA191F99F14F00509C46 /* PBXTargetDependency */ = {
			isa = PBXTargetDependency;
			target = B006FA0C1F99F14E00509C46 /* MessageLabel */;
			targetProxy = B006FA181F99F14F00509C46 /* PBXContainerItemProxy */;
		};
/* End PBXTargetDependency section */

/* Begin XCBuildConfiguration section */
		B006FA1F1F99F14F00509C46 /* Debug */ = {
			isa = XCBuildConfiguration;
			buildSettings = {
				ALWAYS_SEARCH_USER_PATHS = NO;
				CLANG_ANALYZER_NONNULL = YES;
				CLANG_ANALYZER_NUMBER_OBJECT_CONVERSION = YES_AGGRESSIVE;
				CLANG_CXX_LANGUAGE_STANDARD = "gnu++14";
				CLANG_CXX_LIBRARY = "libc++";
				CLANG_ENABLE_MODULES = YES;
				CLANG_ENABLE_OBJC_ARC = YES;
				CLANG_WARN_BLOCK_CAPTURE_AUTORELEASING = YES;
				CLANG_WARN_BOOL_CONVERSION = YES;
				CLANG_WARN_COMMA = YES;
				CLANG_WARN_CONSTANT_CONVERSION = YES;
				CLANG_WARN_DIRECT_OBJC_ISA_USAGE = YES_ERROR;
				CLANG_WARN_DOCUMENTATION_COMMENTS = YES;
				CLANG_WARN_EMPTY_BODY = YES;
				CLANG_WARN_ENUM_CONVERSION = YES;
				CLANG_WARN_INFINITE_RECURSION = YES;
				CLANG_WARN_INT_CONVERSION = YES;
				CLANG_WARN_NON_LITERAL_NULL_CONVERSION = YES;
				CLANG_WARN_OBJC_LITERAL_CONVERSION = YES;
				CLANG_WARN_OBJC_ROOT_CLASS = YES_ERROR;
				CLANG_WARN_RANGE_LOOP_ANALYSIS = YES;
				CLANG_WARN_STRICT_PROTOTYPES = YES;
				CLANG_WARN_SUSPICIOUS_MOVE = YES;
				CLANG_WARN_UNGUARDED_AVAILABILITY = YES_AGGRESSIVE;
				CLANG_WARN_UNREACHABLE_CODE = YES;
				CLANG_WARN__DUPLICATE_METHOD_MATCH = YES;
				CODE_SIGN_IDENTITY = "iPhone Developer";
				COPY_PHASE_STRIP = NO;
				CURRENT_PROJECT_VERSION = 1;
				DEBUG_INFORMATION_FORMAT = dwarf;
				ENABLE_STRICT_OBJC_MSGSEND = YES;
				ENABLE_TESTABILITY = YES;
				GCC_C_LANGUAGE_STANDARD = gnu11;
				GCC_DYNAMIC_NO_PIC = NO;
				GCC_NO_COMMON_BLOCKS = YES;
				GCC_OPTIMIZATION_LEVEL = 0;
				GCC_PREPROCESSOR_DEFINITIONS = (
					"DEBUG=1",
					"$(inherited)",
				);
				GCC_WARN_64_TO_32_BIT_CONVERSION = YES;
				GCC_WARN_ABOUT_RETURN_TYPE = YES_ERROR;
				GCC_WARN_UNDECLARED_SELECTOR = YES;
				GCC_WARN_UNINITIALIZED_AUTOS = YES_AGGRESSIVE;
				GCC_WARN_UNUSED_FUNCTION = YES;
				GCC_WARN_UNUSED_VARIABLE = YES;
				IPHONEOS_DEPLOYMENT_TARGET = 11.0;
				MTL_ENABLE_DEBUG_INFO = YES;
				ONLY_ACTIVE_ARCH = YES;
				SDKROOT = iphoneos;
				SWIFT_ACTIVE_COMPILATION_CONDITIONS = DEBUG;
				SWIFT_OPTIMIZATION_LEVEL = "-Onone";
				VERSIONING_SYSTEM = "apple-generic";
				VERSION_INFO_PREFIX = "";
			};
			name = Debug;
		};
		B006FA201F99F14F00509C46 /* Release */ = {
			isa = XCBuildConfiguration;
			buildSettings = {
				ALWAYS_SEARCH_USER_PATHS = NO;
				CLANG_ANALYZER_NONNULL = YES;
				CLANG_ANALYZER_NUMBER_OBJECT_CONVERSION = YES_AGGRESSIVE;
				CLANG_CXX_LANGUAGE_STANDARD = "gnu++14";
				CLANG_CXX_LIBRARY = "libc++";
				CLANG_ENABLE_MODULES = YES;
				CLANG_ENABLE_OBJC_ARC = YES;
				CLANG_WARN_BLOCK_CAPTURE_AUTORELEASING = YES;
				CLANG_WARN_BOOL_CONVERSION = YES;
				CLANG_WARN_COMMA = YES;
				CLANG_WARN_CONSTANT_CONVERSION = YES;
				CLANG_WARN_DIRECT_OBJC_ISA_USAGE = YES_ERROR;
				CLANG_WARN_DOCUMENTATION_COMMENTS = YES;
				CLANG_WARN_EMPTY_BODY = YES;
				CLANG_WARN_ENUM_CONVERSION = YES;
				CLANG_WARN_INFINITE_RECURSION = YES;
				CLANG_WARN_INT_CONVERSION = YES;
				CLANG_WARN_NON_LITERAL_NULL_CONVERSION = YES;
				CLANG_WARN_OBJC_LITERAL_CONVERSION = YES;
				CLANG_WARN_OBJC_ROOT_CLASS = YES_ERROR;
				CLANG_WARN_RANGE_LOOP_ANALYSIS = YES;
				CLANG_WARN_STRICT_PROTOTYPES = YES;
				CLANG_WARN_SUSPICIOUS_MOVE = YES;
				CLANG_WARN_UNGUARDED_AVAILABILITY = YES_AGGRESSIVE;
				CLANG_WARN_UNREACHABLE_CODE = YES;
				CLANG_WARN__DUPLICATE_METHOD_MATCH = YES;
				CODE_SIGN_IDENTITY = "iPhone Developer";
				COPY_PHASE_STRIP = NO;
				CURRENT_PROJECT_VERSION = 1;
				DEBUG_INFORMATION_FORMAT = "dwarf-with-dsym";
				ENABLE_NS_ASSERTIONS = NO;
				ENABLE_STRICT_OBJC_MSGSEND = YES;
				GCC_C_LANGUAGE_STANDARD = gnu11;
				GCC_NO_COMMON_BLOCKS = YES;
				GCC_WARN_64_TO_32_BIT_CONVERSION = YES;
				GCC_WARN_ABOUT_RETURN_TYPE = YES_ERROR;
				GCC_WARN_UNDECLARED_SELECTOR = YES;
				GCC_WARN_UNINITIALIZED_AUTOS = YES_AGGRESSIVE;
				GCC_WARN_UNUSED_FUNCTION = YES;
				GCC_WARN_UNUSED_VARIABLE = YES;
				IPHONEOS_DEPLOYMENT_TARGET = 11.0;
				MTL_ENABLE_DEBUG_INFO = NO;
				SDKROOT = iphoneos;
				SWIFT_OPTIMIZATION_LEVEL = "-Owholemodule";
				VALIDATE_PRODUCT = YES;
				VERSIONING_SYSTEM = "apple-generic";
				VERSION_INFO_PREFIX = "";
			};
			name = Release;
		};
		B006FA221F99F14F00509C46 /* Debug */ = {
			isa = XCBuildConfiguration;
			buildSettings = {
				CODE_SIGN_IDENTITY = "";
				CODE_SIGN_STYLE = Automatic;
				DEFINES_MODULE = YES;
				DYLIB_COMPATIBILITY_VERSION = 1;
				DYLIB_CURRENT_VERSION = 1;
				DYLIB_INSTALL_NAME_BASE = "@rpath";
				INFOPLIST_FILE = MessageLabel/Info.plist;
				INSTALL_PATH = "$(LOCAL_LIBRARY_DIR)/Frameworks";
				LD_RUNPATH_SEARCH_PATHS = "$(inherited) @executable_path/Frameworks @loader_path/Frameworks";
				PRODUCT_BUNDLE_IDENTIFIER = com.MessageKit.MessageLabel;
				PRODUCT_NAME = "$(TARGET_NAME:c99extidentifier)";
				SKIP_INSTALL = YES;
				SWIFT_VERSION = 4.0;
				TARGETED_DEVICE_FAMILY = "1,2";
			};
			name = Debug;
		};
		B006FA231F99F14F00509C46 /* Release */ = {
			isa = XCBuildConfiguration;
			buildSettings = {
				CODE_SIGN_IDENTITY = "";
				CODE_SIGN_STYLE = Automatic;
				DEFINES_MODULE = YES;
				DYLIB_COMPATIBILITY_VERSION = 1;
				DYLIB_CURRENT_VERSION = 1;
				DYLIB_INSTALL_NAME_BASE = "@rpath";
				INFOPLIST_FILE = MessageLabel/Info.plist;
				INSTALL_PATH = "$(LOCAL_LIBRARY_DIR)/Frameworks";
				LD_RUNPATH_SEARCH_PATHS = "$(inherited) @executable_path/Frameworks @loader_path/Frameworks";
				PRODUCT_BUNDLE_IDENTIFIER = com.MessageKit.MessageLabel;
				PRODUCT_NAME = "$(TARGET_NAME:c99extidentifier)";
				SKIP_INSTALL = YES;
				SWIFT_VERSION = 4.0;
				TARGETED_DEVICE_FAMILY = "1,2";
			};
			name = Release;
		};
		B006FA251F99F14F00509C46 /* Debug */ = {
			isa = XCBuildConfiguration;
			buildSettings = {
				CODE_SIGN_STYLE = Automatic;
				INFOPLIST_FILE = MessageLabelTests/Info.plist;
				LD_RUNPATH_SEARCH_PATHS = "$(inherited) @executable_path/Frameworks @loader_path/Frameworks";
				PRODUCT_BUNDLE_IDENTIFIER = com.MessageKit.MessageLabelTests;
				PRODUCT_NAME = "$(TARGET_NAME)";
				SWIFT_VERSION = 4.0;
				TARGETED_DEVICE_FAMILY = "1,2";
			};
			name = Debug;
		};
		B006FA261F99F14F00509C46 /* Release */ = {
			isa = XCBuildConfiguration;
			buildSettings = {
				CODE_SIGN_STYLE = Automatic;
				INFOPLIST_FILE = MessageLabelTests/Info.plist;
				LD_RUNPATH_SEARCH_PATHS = "$(inherited) @executable_path/Frameworks @loader_path/Frameworks";
				PRODUCT_BUNDLE_IDENTIFIER = com.MessageKit.MessageLabelTests;
				PRODUCT_NAME = "$(TARGET_NAME)";
				SWIFT_VERSION = 4.0;
				TARGETED_DEVICE_FAMILY = "1,2";
			};
			name = Release;
		};
/* End XCBuildConfiguration section */

/* Begin XCConfigurationList section */
		B006FA071F99F14E00509C46 /* Build configuration list for PBXProject "MessageLabel" */ = {
			isa = XCConfigurationList;
			buildConfigurations = (
				B006FA1F1F99F14F00509C46 /* Debug */,
				B006FA201F99F14F00509C46 /* Release */,
			);
			defaultConfigurationIsVisible = 0;
			defaultConfigurationName = Release;
		};
		B006FA211F99F14F00509C46 /* Build configuration list for PBXNativeTarget "MessageLabel" */ = {
			isa = XCConfigurationList;
			buildConfigurations = (
				B006FA221F99F14F00509C46 /* Debug */,
				B006FA231F99F14F00509C46 /* Release */,
			);
			defaultConfigurationIsVisible = 0;
			defaultConfigurationName = Release;
		};
		B006FA241F99F14F00509C46 /* Build configuration list for PBXNativeTarget "MessageLabelTests" */ = {
			isa = XCConfigurationList;
			buildConfigurations = (
				B006FA251F99F14F00509C46 /* Debug */,
				B006FA261F99F14F00509C46 /* Release */,
			);
			defaultConfigurationIsVisible = 0;
			defaultConfigurationName = Release;
		};
/* End XCConfigurationList section */
	};
	rootObject = B006FA041F99F14E00509C46 /* Project object */;
}
